
Microsoft Visual Studio Solution File, Format Version 12.00
# Visual Studio Version 17
VisualStudioVersion = 17.6.33712.159
MinimumVisualStudioVersion = 10.0.40219.1
Project("{FAE04EC0-301F-11D3-BF4B-00C04F79EFBC}") = "Custom_ExceptionHandling_Of_AddressBook", "Custom_ExceptionHandling_Of_AddressBook\Custom_ExceptionHandling_Of_AddressBook.csproj", "{3B8B4A9F-17B6-4B01-B0BF-55F04CCB3773}"
EndProject
Global
	GlobalSection(SolutionConfigurationPlatforms) = preSolution
		Debug|Any CPU = Debug|Any CPU
		Release|Any CPU = Release|Any CPU
	EndGlobalSection
	GlobalSection(ProjectConfigurationPlatforms) = postSolution
		{3B8B4A9F-17B6-4B01-B0BF-55F04CCB3773}.Debug|Any CPU.ActiveCfg = Debug|Any CPU
		{3B8B4A9F-17B6-4B01-B0BF-55F04CCB3773}.Debug|Any CPU.Build.0 = Debug|Any CPU
		{3B8B4A9F-17B6-4B01-B0BF-55F04CCB3773}.Release|Any CPU.ActiveCfg = Release|Any CPU
		{3B8B4A9F-17B6-4B01-B0BF-55F04CCB3773}.Release|Any CPU.Build.0 = Release|Any CPU
	EndGlobalSection
	GlobalSection(SolutionProperties) = preSolution
		HideSolutionNode = FALSE
	EndGlobalSection
	GlobalSection(ExtensibilityGlobals) = postSolution
		SolutionGuid = {CD8857AE-5BF4-42EC-8891-4003CA937CBE}
	EndGlobalSection
EndGlobal
